<?xml version="1.0" encoding="utf-8"?>
<Project ToolsVersion="4.0" xmlns="http://schemas.microsoft.com/developer/msbuild/2003">
  <ItemGroup>
    <Filter Include="Source Files">
      <UniqueIdentifier>{4FC737F1-C7A5-4376-A066-2A32D752A2FF}</UniqueIdentifier>
      <Extensions>cpp;c;cc;cxx;c++;cppm;ixx;def;odl;idl;hpj;bat;asm;asmx</Extensions>
    </Filter>
    <Filter Include="Header Files">
      <UniqueIdentifier>{93995380-89BD-4b04-88EB-625FBE52EBFB}</UniqueIdentifier>
      <Extensions>h;hh;hpp;hxx;h++;hm;inl;inc;ipp;xsd</Extensions>
    </Filter>
    <Filter Include="Resource Files">
      <UniqueIdentifier>{67DA6AB6-F800-4c08-8B7A-83BB121AAD01}</UniqueIdentifier>
      <Extensions>rc;ico;cur;bmp;dlg;rc2;rct;bin;rgs;gif;jpg;jpeg;jpe;resx;tiff;tif;png;wav;mfcribbon-ms</Extensions>
    </Filter>
    <Filter Include="Source Files\common">
      <UniqueIdentifier>{aa584724-6b72-43b1-b3ed-471488b73269}</UniqueIdentifier>
    </Filter>
    <Filter Include="Source Files\common\utility">
      <UniqueIdentifier>{e24280e8-7abc-4063-9e85-2da8aa0b25cf}</UniqueIdentifier>
    </Filter>
  </ItemGroup>
  <ItemGroup>
    <ClCompile Include="common\utility\buffer.cpp">
      <Filter>Source Files\common\utility</Filter>
    </ClCompile>
    <ClCompile Include="common\utility\mapfile.cpp">
      <Filter>Source Files\common\utility</Filter>
    </ClCompile>
    <ClCompile Include="common\utility\timeutil.cpp">
      <Filter>Source Files\common\utility</Filter>
    </ClCompile>
    <ClCompile Include="ConnectionHistory\ConnectionStatus.cpp">
      <Filter>Source Files</Filter>
    </ClCompile>
    <ClCompile Include="ConnectionHistory\LogContainer.cpp">
      <Filter>Source Files</Filter>
    </ClCompile>
    <ClCompile Include="ConnectionHistory\LogEntry.cpp">
      <Filter>Source Files</Filter>
    </ClCompile>
    <ClCompile Include="ConnectionHistory\main.cpp">
      <Filter>Source Files</Filter>
    </ClCompile>
  </ItemGroup>
  <ItemGroup>
    <ClInclude Include="common\utility\buffer.hpp">
      <Filter>Source Files\common\utility</Filter>
    </ClInclude>
    <ClInclude Include="common\utility\dbgutil.hpp">
      <Filter>Source Files\common\utility</Filter>
    </ClInclude>
    <ClInclude Include="common\utility\mapfile.hpp">
      <Filter>Source Files\common\utility</Filter>
    </ClInclude>
    <ClInclude Include="common\utility\strutil.hpp">
      <Filter>Source Files\common\utility</Filter>
    </ClInclude>
    <ClInclude Include="common\utility\timeutil.hpp">
      <Filter>Source Files\common\utility</Filter>
    </ClInclude>
    <ClInclude Include="ConnectionHistory\ConnectionStatus.hpp">
      <Filter>Source Files</Filter>
    </ClInclude>
    <ClInclude Include="ConnectionHistory\LogContainer.hpp">
      <Filter>Source Files</Filter>
    </ClInclude>
    <ClInclude Include="ConnectionHistory\LogEntry.hpp">
      <Filter>Source Files</Filter>
    </ClInclude>
  </ItemGroup>
</Project>